<?xml version="1.0" encoding="utf-8"?>
<Project ToolsVersion="4.0" xmlns="http://schemas.microsoft.com/developer/msbuild/2003">
  <ItemGroup>
    <FxCompile Include="Data\Shader\RayMesh.hlsl" />
    <FxCompile Include="Data\Shader\RenderTexture\Bloom\Bloom.hlsl" />
    <FxCompile Include="Data\Shader\RenderTexture\Bloom\DownSampling.hlsl" />
    <FxCompile Include="Data\Shader\RenderTexture\OutLine\OutLine_PS.hlsl" />
    <FxCompile Include="Data\Shader\RenderTexture\WatercolorPainting\WatercolorPainting_PS.hlsl" />
    <FxCompile Include="Data\Shader\Aura.hlsl" />
  </ItemGroup>
  <ItemGroup>
    <ClCompile Include="Library\ImGui\imgui.cpp" />
    <ClCompile Include="Library\ImGui\imgui_demo.cpp" />
    <ClCompile Include="Library\ImGui\imgui_draw.cpp" />
    <ClCompile Include="Library\ImGui\imgui_impl_dx11.cpp" />
    <ClCompile Include="Library\ImGui\imgui_impl_win32.cpp" />
    <ClCompile Include="Library\ImGui\imgui_tables.cpp" />
    <ClCompile Include="Library\ImGui\imgui_widgets.cpp" />
    <ClCompile Include="SourceCode\Common\Common.cpp" />
    <ClCompile Include="SourceCode\Common\D3DX\D3DX11.cpp" />
    <ClCompile Include="SourceCode\Common\D3DX\D3DX9.cpp" />
    <ClCompile Include="SourceCode\Common\DebugText\DebugText.cpp" />
    <ClCompile Include="SourceCode\Common\Effect\Effect.cpp" />
    <ClCompile Include="SourceCode\Common\Effect\EffectManager.cpp" />
    <ClCompile Include="SourceCode\Common\Font\Font.cpp" />
    <ClCompile Include="SourceCode\Common\Font\FontCreate.cpp" />
    <ClCompile Include="SourceCode\Common\Mesh\Dx9SkinMesh\Dx9SkinMesh.cpp" />
    <ClCompile Include="SourceCode\Common\Mesh\Dx9SkinMesh\Parser\CDX9SkinMeshParser.cpp" />
    <ClCompile Include="SourceCode\Common\Mesh\Dx9StaticMesh\Dx9StaticMesh.cpp" />
    <ClCompile Include="SourceCode\Common\Mesh\RayMesh\RayMesh.cpp" />
    <ClCompile Include="SourceCode\Common\RenderingTextuer\Bloom\Bloom.cpp" />
    <ClCompile Include="SourceCode\Common\RenderingTextuer\DownSampling\DownSampling.cpp" />
    <ClCompile Include="SourceCode\Common\RenderingTextuer\GBuffer\GBuffer.cpp" />
    <ClCompile Include="SourceCode\Common\RenderingTextuer\Lighting\Lighting.cpp" />
    <ClCompile Include="SourceCode\Common\RenderingTextuer\OutLine\OutLine.cpp" />
    <ClCompile Include="SourceCode\Common\RenderingTextuer\RenderingTextuer.cpp" />
    <ClCompile Include="SourceCode\Common\RenderingTextuer\RenderingTextuerManager\RenderingTextuerManager.cpp" />
    <ClCompile Include="SourceCode\Common\RenderingTextuer\Shadow\Shadow.cpp" />
    <ClCompile Include="SourceCode\Common\RenderingTextuer\WatercolorPainting\WatercolorPainting.cpp" />
    <ClCompile Include="SourceCode\Common\Shader\Shader.cpp" />
    <ClCompile Include="SourceCode\Common\Sprite\Sprite.cpp" />
    <ClCompile Include="SourceCode\Common\Sprite\SpriteRender.cpp" />
    <ClCompile Include="SourceCode\Main\Main.cpp" />
    <ClCompile Include="SourceCode\Main\WinMain.cpp" />
    <ClCompile Include="SourceCode\Object\CameraBase\CameraBase.cpp" />
    <ClCompile Include="SourceCode\Object\CameraBase\CameraManager\CameraManager.cpp" />
    <ClCompile Include="SourceCode\Object\CameraBase\FreeCamera\FreeCamera.cpp" />
    <ClCompile Include="SourceCode\Object\CameraBase\RotLookAtCenter\RotLookAtCenter.cpp" />
    <ClCompile Include="SourceCode\Object\Collider\Box\Box.cpp" />
    <ClCompile Include="SourceCode\Object\Collider\Capsule\Capsule.cpp" />
    <ClCompile Include="SourceCode\Object\Collider\Capsule\CapsuleCalculation.cpp" />
    <ClCompile Include="SourceCode\Object\Collider\ColliderBase.cpp" />
    <ClCompile Include="SourceCode\Object\Collider\Colliders\Colliders.cpp" />
    <ClCompile Include="SourceCode\Object\Collider\CollisionManager\CollisionManager.cpp" />
    <ClCompile Include="SourceCode\Object\Collider\CollisionRender\CollisionRender.cpp" />
    <ClCompile Include="SourceCode\Object\Collider\Mesh\Mesh.cpp" />
    <ClCompile Include="SourceCode\Object\Collider\Ray\Ray.cpp" />
    <ClCompile Include="SourceCode\Object\Collider\Sphere\Sphere.cpp" />
    <ClCompile Include="SourceCode\Object\Fade\Fade.cpp" />
    <ClCompile Include="SourceCode\Object\GameObject\Actor\Actor.cpp" />
    <ClCompile Include="SourceCode\Object\GameObject\Actor\Bullet\CBullet.cpp" />
    <ClCompile Include="SourceCode\Object\GameObject\Actor\Player\CPlayer.cpp" />
    <ClCompile Include="SourceCode\Object\GameObject\GameObject.cpp" />
    <ClCompile Include="SourceCode\Object\GameObject\Widget\Widget.cpp" />
    <ClCompile Include="SourceCode\Object\LightBase\LightBase.cpp" />
    <ClCompile Include="SourceCode\Object\LightBase\LightManager\LightManager.cpp" />
    <ClCompile Include="SourceCode\Object\LightBase\NormalLight\NormalLight.cpp" />
    <ClCompile Include="SourceCode\Object\LoadRender\LoadRender.cpp" />
    <ClCompile Include="SourceCode\Object\Object.cpp" />
    <ClCompile Include="SourceCode\Resource\EffectResource\EffectResource.cpp" />
    <ClCompile Include="SourceCode\Resource\FontResource\FontResource.cpp" />
    <ClCompile Include="SourceCode\Resource\GameParamResource\GameParamResource.cpp" />
    <ClCompile Include="SourceCode\Resource\LoadManager\LoadManager.cpp" />
    <ClCompile Include="SourceCode\Resource\MeshResource\MeshResource.cpp" />
    <ClCompile Include="SourceCode\Resource\SpriteResource\SpriteResource.cpp" />
    <ClCompile Include="SourceCode\Scene\SceneBase\SceneBase.cpp" />
    <ClCompile Include="SourceCode\Scene\SceneManager\SceneManager.cpp" />
    <ClCompile Include="SourceCode\Scene\Scenes\Game\Game.cpp" />
    <ClCompile Include="SourceCode\Scene\Scenes\Title\Title.cpp" />
    <ClCompile Include="SourceCode\Utility\Command\Command.cpp" />
    <ClCompile Include="SourceCode\Utility\FileManager\FileManager.cpp" />
    <ClCompile Include="SourceCode\Utility\FrameRate\FrameRate.cpp" />
    <ClCompile Include="SourceCode\Utility\ImGuiManager\ImGuiManager.cpp" />
    <ClCompile Include="SourceCode\Utility\Input\Input.cpp" />
    <ClCompile Include="SourceCode\Utility\Input\KeyInput\KeyInput.cpp" />
    <ClCompile Include="SourceCode\Utility\Input\XInput\XInput.cpp" />
    <ClCompile Include="SourceCode\Utility\Log\Log.cpp" />
    <ClCompile Include="SourceCode\Utility\Math\Math.cpp" />
    <ClCompile Include="SourceCode\Utility\XAudio2\OggLoad\OggLoad.cpp" />
    <ClCompile Include="SourceCode\Utility\XAudio2\SoundManager.cpp" />
    <ClCompile Include="SourceCode\Utility\XAudio2\XAudio2Master\XAudio2MasterVoice.cpp" />
    <ClCompile Include="SourceCode\Utility\XAudio2\XAudio2Play\XAudio2PlayBGM.cpp" />
    <ClCompile Include="SourceCode\Utility\XAudio2\XAudio2Play\XAudio2PlaySE.cpp" />
    <ClCompile Include="SourceCode\Edit\EditorBase.cpp" />
    <ClCompile Include="SourceCode\Edit\StageEditor\StageEditor.cpp" />
    <ClCompile Include="SourceCode\Scene\Scenes\Edit\Edit.cpp" />
    <ClCompile Include="SourceCode\Edit\UndoRedo\UndoRedo.cpp" />
    <ClCompile Include="SourceCode\Edit\EnemySpawnRangeEditor\EnemySpawnRangeEditor.cpp" />
    <ClCompile Include="SourceCode\Common\Mesh\AuraMesh\AuraMesh.cpp" />
    <ClCompile Include="SourceCode\Edit\MovieEdtor\MovieEdtor.cpp" />
    <ClCompile Include="SourceCode\Object\CameraBase\MovieCamera\MovieCamera.cpp" />
    <ClCompile Include="SourceCode\Edit\MovieEdtor\CameraEditor\CameraEditor.cpp" />
    <ClCompile Include="SourceCode\Object\CameraBase\NormalCamera\NormalCamera.cpp" />
    <ClCompile Include="SourceCode\Edit\StageEditor\StageRender\StageRender.cpp" />
    <ClCompile Include="SourceCode\Object\Movie\Movie.cpp" />
    <ClCompile Include="SourceCode\Object\Movie\LoadCameraData\LoadCameraData.cpp" />
    <ClCompile Include="SourceCode\Object\Movie\MovieDataLoader\MovieDataLoader.cpp" />
    <ClCompile Include="SourceCode\Edit\MovieEdtor\ActorEditor\ActorEditor.cpp" />
    <ClCompile Include="SourceCode\Object\GameObject\Actor\EnemyBase\EnemyBase.cpp" />
    <ClCompile Include="SourceCode\Object\GameObject\Actor\EnemyBase\Enemy\Enemy.cpp" />
    <ClCompile Include="SourceCode\Object\GameObject\Actor\MovieActor\MovieActor.cpp" />
    <ClCompile Include="SourceCode\Edit\EditPlayer\EditPlayer.cpp" />
    <ClCompile Include="SourceCode\Edit\MovieEdtor\WidgetEditor\WidgetEditor.cpp" />
    <ClCompile Include="SourceCode\Object\GameObject\Widget\MovieWidget\MovieWidget.cpp" />
    <ClCompile Include="SourceCode\Object\Movie\LoadWidgetData\LoadWidgetData.cpp" />
    <ClCompile Include="SourceCode\Object\Movie\MovieManager\MovieManager.cpp" />
    <ClCompile Include="SourceCode\Utility\DebugConsole\DebugConsole.cpp" />
  </ItemGroup>
  <ItemGroup>
    <ClInclude Include="Library\ImGui\imconfig.h" />
    <ClInclude Include="Library\ImGui\imgui.h" />
    <ClInclude Include="Library\ImGui\imgui_impl_dx11.h" />
    <ClInclude Include="Library\ImGui\imgui_impl_win32.h" />
    <ClInclude Include="Library\ImGui\imgui_internal.h" />
    <ClInclude Include="Library\ImGui\imstb_rectpack.h" />
    <ClInclude Include="Library\ImGui\imstb_textedit.h" />
    <ClInclude Include="Library\ImGui\imstb_truetype.h" />
    <ClInclude Include="SourceCode\Common\Common.h" />
    <ClInclude Include="SourceCode\Common\D3DX\D3DX11.h" />
    <ClInclude Include="SourceCode\Common\D3DX\D3DX9.h" />
    <ClInclude Include="SourceCode\Common\DebugText\DebugText.h" />
    <ClInclude Include="SourceCode\Common\Effect\Effect.h" />
    <ClInclude Include="SourceCode\Common\Effect\EffectManager.h" />
    <ClInclude Include="SourceCode\Common\Font\Font.h" />
    <ClInclude Include="SourceCode\Common\Font\FontCreate.h" />
    <ClInclude Include="SourceCode\Common\Mesh\Dx9SkinMesh\Dx9SkinMesh.h" />
    <ClInclude Include="SourceCode\Common\Mesh\Dx9SkinMesh\Parser\CDX9SkinMeshParser.h" />
    <ClInclude Include="SourceCode\Common\Mesh\Dx9StaticMesh\Dx9StaticMesh.h" />
    <ClInclude Include="SourceCode\Common\Mesh\MeshStruct.h" />
    <ClInclude Include="SourceCode\Common\Mesh\RayMesh\RayMesh.h" />
    <ClInclude Include="SourceCode\Common\RenderingTextuer\Bloom\Bloom.h" />
    <ClInclude Include="SourceCode\Common\RenderingTextuer\DownSampling\DownSampling.h" />
    <ClInclude Include="SourceCode\Common\RenderingTextuer\GBuffer\GBuffer.h" />
    <ClInclude Include="SourceCode\Common\RenderingTextuer\Lighting\Lighting.h" />
    <ClInclude Include="SourceCode\Common\RenderingTextuer\OutLine\OutLine.h" />
    <ClInclude Include="SourceCode\Common\RenderingTextuer\RenderingTextuer.h" />
    <ClInclude Include="SourceCode\Common\RenderingTextuer\RenderingTextuerManager\RenderingTextuerManager.h" />
    <ClInclude Include="SourceCode\Common\RenderingTextuer\Shadow\Shadow.h" />
    <ClInclude Include="SourceCode\Common\RenderingTextuer\WatercolorPainting\WatercolorPainting.h" />
    <ClInclude Include="SourceCode\Common\Shader\Shader.h" />
    <ClInclude Include="SourceCode\Common\Sprite\Sprite.h" />
    <ClInclude Include="SourceCode\Common\Sprite\SpriteRender.h" />
    <ClInclude Include="SourceCode\Common\Sprite\SpriteStruct.h" />
    <ClInclude Include="SourceCode\Global.h" />
    <ClInclude Include="SourceCode\Main\Main.h" />
    <ClInclude Include="SourceCode\Object\CameraBase\CameraBase.h" />
    <ClInclude Include="SourceCode\Object\CameraBase\CameraManager\CameraManager.h" />
    <ClInclude Include="SourceCode\Object\CameraBase\FreeCamera\FreeCamera.h" />
    <ClInclude Include="SourceCode\Object\CameraBase\RotLookAtCenter\RotLookAtCenter.h" />
    <ClInclude Include="SourceCode\Object\Collider\Box\Box.h" />
    <ClInclude Include="SourceCode\Object\Collider\Capsule\Capsule.h" />
    <ClInclude Include="SourceCode\Object\Collider\Capsule\CapsuleCalculation.h" />
    <ClInclude Include="SourceCode\Object\Collider\ColliderBase.h" />
    <ClInclude Include="SourceCode\Object\Collider\Colliders\Colliders.h" />
    <ClInclude Include="SourceCode\Object\Collider\CollisionManager\CollisionManager.h" />
    <ClInclude Include="SourceCode\Object\Collider\CollisionRender\CollisionRender.h" />
    <ClInclude Include="SourceCode\Object\Collider\Mesh\Mesh.h" />
    <ClInclude Include="SourceCode\Object\Collider\Ray\Ray.h" />
    <ClInclude Include="SourceCode\Object\Collider\Sphere\Sphere.h" />
    <ClInclude Include="SourceCode\Object\Fade\Fade.h" />
    <ClInclude Include="SourceCode\Object\GameObject\Actor\Actor.h" />
    <ClInclude Include="SourceCode\Object\GameObject\Actor\Bullet\CBullet.h" />
    <ClInclude Include="SourceCode\Object\GameObject\Actor\Player\CPlayer.h" />
    <ClInclude Include="SourceCode\Object\GameObject\GameObject.h" />
    <ClInclude Include="SourceCode\Object\GameObject\GameObjectList.h" />
    <ClInclude Include="SourceCode\Object\GameObject\Widget\Widget.h" />
    <ClInclude Include="SourceCode\Object\LightBase\LightBase.h" />
    <ClInclude Include="SourceCode\Object\LightBase\LightManager\LightManager.h" />
    <ClInclude Include="SourceCode\Object\LightBase\NormalLight\NormalLight.h" />
    <ClInclude Include="SourceCode\Object\LoadRender\LoadRender.h" />
    <ClInclude Include="SourceCode\Object\Object.h" />
    <ClInclude Include="SourceCode\resource.h" />
    <ClInclude Include="SourceCode\Resource\EffectResource\EffectResource.h" />
    <ClInclude Include="SourceCode\Resource\FontResource\FontResource.h" />
    <ClInclude Include="SourceCode\Resource\GameParamResource\GameParamResource.h" />
    <ClInclude Include="SourceCode\Resource\LoadManager\LoadManager.h" />
    <ClInclude Include="SourceCode\Resource\MeshResource\MeshResource.h" />
    <ClInclude Include="SourceCode\Resource\SpriteResource\SpriteResource.h" />
    <ClInclude Include="SourceCode\Scene\SceneBase\SceneBase.h" />
    <ClInclude Include="SourceCode\Scene\SceneManager\SceneManager.h" />
    <ClInclude Include="SourceCode\Scene\Scenes\Game\Game.h" />
    <ClInclude Include="SourceCode\Scene\Scenes\SceneList.h" />
    <ClInclude Include="SourceCode\Scene\Scenes\Title\Title.h" />
    <ClInclude Include="SourceCode\Utility\BitFlagManager\BitFlagManager.h" />
    <ClInclude Include="SourceCode\Utility\Command\Command.h" />
    <ClInclude Include="SourceCode\Utility\FileManager\FileManager.h" />
    <ClInclude Include="SourceCode\Utility\FrameRate\FrameRate.h" />
    <ClInclude Include="SourceCode\Utility\ImGuiManager\ImGuiManager.h" />
    <ClInclude Include="SourceCode\Utility\Input\Input.h" />
    <ClInclude Include="SourceCode\Utility\Input\InputEnums.h" />
    <ClInclude Include="SourceCode\Utility\Input\KeyInput\KeyInput.h" />
    <ClInclude Include="SourceCode\Utility\Input\XInput\XInput.h" />
    <ClInclude Include="SourceCode\Utility\Log\Log.h" />
    <ClInclude Include="SourceCode\Utility\Math\Math.h" />
    <ClInclude Include="SourceCode\Utility\Tranceform\Tranceform.h" />
    <ClInclude Include="SourceCode\Utility\XAudio2\OggLoad\OggLoad.h" />
    <ClInclude Include="SourceCode\Utility\XAudio2\SoundManager.h" />
    <ClInclude Include="SourceCode\Utility\XAudio2\XAudio2.h" />
    <ClInclude Include="SourceCode\Utility\XAudio2\XAudio2CallBack\VoiceCallBack.h" />
    <ClInclude Include="SourceCode\Utility\XAudio2\XAudio2Master\XAudio2MasterVoice.h" />
    <ClInclude Include="SourceCode\Utility\XAudio2\XAudio2Play\XAudio2PlayBGM.h" />
    <ClInclude Include="SourceCode\Utility\XAudio2\XAudio2Play\XAudio2PlaySE.h" />
    <ClInclude Include="SourceCode\Edit\EditorBase.h" />
    <ClInclude Include="SourceCode\Edit\StageEditor\StageEditor.h" />
    <ClInclude Include="SourceCode\Scene\Scenes\Edit\Edit.h" />
    <ClInclude Include="SourceCode\Edit\StageEditor\StageStruct.h" />
    <ClInclude Include="SourceCode\Edit\UndoRedo\UndoRedo.h" />
    <ClInclude Include="SourceCode\Edit\EnemySpawnRangeEditor\EnemySpawnRangeEditor.h" />
    <ClInclude Include="SourceCode\Common\Mesh\AuraMesh\AuraMesh.h" />
    <ClInclude Include="SourceCode\Edit\MovieEdtor\MovieEdtor.h" />
    <ClInclude Include="SourceCode\Object\CameraBase\MovieCamera\MovieCamera.h" />
    <ClInclude Include="SourceCode\Edit\MovieEdtor\CameraEditor\CameraEditor.h" />
    <ClInclude Include="SourceCode\Object\CameraBase\NormalCamera\NormalCamera.h" />
    <ClInclude Include="SourceCode\Edit\StageEditor\StageRender\StageRender.h" />
    <ClInclude Include="SourceCode\Object\CameraBase\MovieCamera\MovieCameraState.h" />
    <ClInclude Include="SourceCode\Object\Movie\Movie.h" />
    <ClInclude Include="SourceCode\Object\Movie\LoadCameraData\LoadCameraData.h" />
    <ClInclude Include="SourceCode\Object\Movie\MovieDataLoader\MovieDataLoader.h" />
    <ClInclude Include="SourceCode\Edit\MovieEdtor\ActorEditor\ActorEditor.h" />
    <ClInclude Include="SourceCode\Object\GameObject\Actor\EnemyBase\EnemyBase.h" />
    <ClInclude Include="SourceCode\Object\GameObject\Actor\EnemyBase\Enemy\Enemy.h" />
    <ClInclude Include="SourceCode\Object\GameObject\Actor\MovieActor\MovieActor.h" />
    <ClInclude Include="SourceCode\Edit\EditPlayer\EditPlayer.h" />
    <ClInclude Include="SourceCode\Edit\MovieEdtor\WidgetEditor\WidgetEditor.h" />
    <ClInclude Include="SourceCode\Object\GameObject\Widget\MovieWidget\MovieWidget.h" />
    <ClInclude Include="SourceCode\Object\Movie\LoadWidgetData\LoadWidgetData.h" />
    <ClInclude Include="SourceCode\Object\Movie\MovieManager\MovieManager.h" />
    <ClInclude Include="SourceCode\Utility\DebugConsole\DebugConsole.h" />
  </ItemGroup>
  <ItemGroup>
    <ResourceCompile Include="Resource.rc" />
  </ItemGroup>
</Project>